// !$*UTF8*$!
{
	archiveVersion = 1;
	classes = {
	};
	objectVersion = 56;
	objects = {

/* Begin PBXBuildFile section */
		8BBD17992AB9296000BA8921 /* AppDelegate.swift in Sources */ = {isa = PBXBuildFile; fileRef = 8BBD17982AB9296000BA8921 /* AppDelegate.swift */; };
		8BBD179B2AB9296000BA8921 /* SceneDelegate.swift in Sources */ = {isa = PBXBuildFile; fileRef = 8BBD179A2AB9296000BA8921 /* SceneDelegate.swift */; };
		8BBD179D2AB9296000BA8921 /* ViewController.swift in Sources */ = {isa = PBXBuildFile; fileRef = 8BBD179C2AB9296000BA8921 /* ViewController.swift */; };
		8BBD17A02AB9296000BA8921 /* Main.storyboard in Resources */ = {isa = PBXBuildFile; fileRef = 8BBD179E2AB9296000BA8921 /* Main.storyboard */; };
		8BBD17A22AB9296100BA8921 /* Assets.xcassets in Resources */ = {isa = PBXBuildFile; fileRef = 8BBD17A12AB9296100BA8921 /* Assets.xcassets */; };
		8BBD17A52AB9296100BA8921 /* LaunchScreen.storyboard in Resources */ = {isa = PBXBuildFile; fileRef = 8BBD17A32AB9296100BA8921 /* LaunchScreen.storyboard */; };
		8BBD17AE2AB9297400BA8921 /* Alamofire in Frameworks */ = {isa = PBXBuildFile; productRef = 8BBD17AD2AB9297400BA8921 /* Alamofire */; };
		8BBD17B12AB9298400BA8921 /* SnapKit in Frameworks */ = {isa = PBXBuildFile; productRef = 8BBD17B02AB9298400BA8921 /* SnapKit */; };
		8BBD17B42AB9299300BA8921 /* Kingfisher in Frameworks */ = {isa = PBXBuildFile; productRef = 8BBD17B32AB9299300BA8921 /* Kingfisher */; };
		8BBD17B62AB92C5100BA8921 /* .gitignore in Resources */ = {isa = PBXBuildFile; fileRef = 8BBD17B52AB92C5100BA8921 /* .gitignore */; };
		8BBD17B82AB92C6B00BA8921 /* APIKey.swift in Sources */ = {isa = PBXBuildFile; fileRef = 8BBD17B72AB92C6B00BA8921 /* APIKey.swift */; };
		8BBD17BB2AB93CD000BA8921 /* NetworkBasic.swift in Sources */ = {isa = PBXBuildFile; fileRef = 8BBD17BA2AB93CD000BA8921 /* NetworkBasic.swift */; };
		8BBD17BD2AB964A100BA8921 /* SeSACAPI.swift in Sources */ = {isa = PBXBuildFile; fileRef = 8BBD17BC2AB964A100BA8921 /* SeSACAPI.swift */; };
		8BBD17BF2AB9744D00BA8921 /* Network.swift in Sources */ = {isa = PBXBuildFile; fileRef = 8BBD17BE2AB9744D00BA8921 /* Network.swift */; };
/* End PBXBuildFile section */

/* Begin PBXFileReference section */
		8BBD17952AB9296000BA8921 /* SeSACWeek10.app */ = {isa = PBXFileReference; explicitFileType = wrapper.application; includeInIndex = 0; path = SeSACWeek10.app; sourceTree = BUILT_PRODUCTS_DIR; };
		8BBD17982AB9296000BA8921 /* AppDelegate.swift */ = {isa = PBXFileReference; lastKnownFileType = sourcecode.swift; path = AppDelegate.swift; sourceTree = "<group>"; };
		8BBD179A2AB9296000BA8921 /* SceneDelegate.swift */ = {isa = PBXFileReference; lastKnownFileType = sourcecode.swift; path = SceneDelegate.swift; sourceTree = "<group>"; };
		8BBD179C2AB9296000BA8921 /* ViewController.swift */ = {isa = PBXFileReference; lastKnownFileType = sourcecode.swift; path = ViewController.swift; sourceTree = "<group>"; };
		8BBD179F2AB9296000BA8921 /* Base */ = {isa = PBXFileReference; lastKnownFileType = file.storyboard; name = Base; path = Base.lproj/Main.storyboard; sourceTree = "<group>"; };
		8BBD17A12AB9296100BA8921 /* Assets.xcassets */ = {isa = PBXFileReference; lastKnownFileType = folder.assetcatalog; path = Assets.xcassets; sourceTree = "<group>"; };
		8BBD17A42AB9296100BA8921 /* Base */ = {isa = PBXFileReference; lastKnownFileType = file.storyboard; name = Base; path = Base.lproj/LaunchScreen.storyboard; sourceTree = "<group>"; };
		8BBD17A62AB9296100BA8921 /* Info.plist */ = {isa = PBXFileReference; lastKnownFileType = text.plist.xml; path = Info.plist; sourceTree = "<group>"; };
		8BBD17B52AB92C5100BA8921 /* .gitignore */ = {isa = PBXFileReference; lastKnownFileType = text; path = .gitignore; sourceTree = "<group>"; };
		8BBD17B72AB92C6B00BA8921 /* APIKey.swift */ = {isa = PBXFileReference; lastKnownFileType = sourcecode.swift; path = APIKey.swift; sourceTree = "<group>"; };
		8BBD17BA2AB93CD000BA8921 /* NetworkBasic.swift */ = {isa = PBXFileReference; lastKnownFileType = sourcecode.swift; path = NetworkBasic.swift; sourceTree = "<group>"; };
		8BBD17BC2AB964A100BA8921 /* SeSACAPI.swift */ = {isa = PBXFileReference; lastKnownFileType = sourcecode.swift; path = SeSACAPI.swift; sourceTree = "<group>"; };
		8BBD17BE2AB9744D00BA8921 /* Network.swift */ = {isa = PBXFileReference; lastKnownFileType = sourcecode.swift; path = Network.swift; sourceTree = "<group>"; };
/* End PBXFileReference section */

/* Begin PBXFrameworksBuildPhase section */
		8BBD17922AB9296000BA8921 /* Frameworks */ = {
			isa = PBXFrameworksBuildPhase;
			buildActionMask = 2147483647;
			files = (
				8BBD17B42AB9299300BA8921 /* Kingfisher in Frameworks */,
				8BBD17AE2AB9297400BA8921 /* Alamofire in Frameworks */,
				8BBD17B12AB9298400BA8921 /* SnapKit in Frameworks */,
			);
			runOnlyForDeploymentPostprocessing = 0;
		};
/* End PBXFrameworksBuildPhase section */

/* Begin PBXGroup section */
		8BBD178C2AB9296000BA8921 = {
			isa = PBXGroup;
			children = (
				8BBD17972AB9296000BA8921 /* SeSACWeek10 */,
				8BBD17962AB9296000BA8921 /* Products */,
			);
			sourceTree = "<group>";
		};
		8BBD17962AB9296000BA8921 /* Products */ = {
			isa = PBXGroup;
			children = (
				8BBD17952AB9296000BA8921 /* SeSACWeek10.app */,
			);
			name = Products;
			sourceTree = "<group>";
		};
		8BBD17972AB9296000BA8921 /* SeSACWeek10 */ = {
			isa = PBXGroup;
			children = (
				8BBD17C02AB9DF5400BA8921 /* Beer */,
				8BBD17B92AB93CC200BA8921 /* Network */,
				8BBD17982AB9296000BA8921 /* AppDelegate.swift */,
				8BBD179A2AB9296000BA8921 /* SceneDelegate.swift */,
				8BBD179C2AB9296000BA8921 /* ViewController.swift */,
				8BBD179E2AB9296000BA8921 /* Main.storyboard */,
				8BBD17A12AB9296100BA8921 /* Assets.xcassets */,
				8BBD17A32AB9296100BA8921 /* LaunchScreen.storyboard */,
				8BBD17A62AB9296100BA8921 /* Info.plist */,
				8BBD17B52AB92C5100BA8921 /* .gitignore */,
				8BBD17B72AB92C6B00BA8921 /* APIKey.swift */,
			);
			path = SeSACWeek10;
			sourceTree = "<group>";
		};
		8BBD17B92AB93CC200BA8921 /* Network */ = {
			isa = PBXGroup;
			children = (
				8BBD17BA2AB93CD000BA8921 /* NetworkBasic.swift */,
				8BBD17BC2AB964A100BA8921 /* SeSACAPI.swift */,
				8BBD17BE2AB9744D00BA8921 /* Network.swift */,
			);
			path = Network;
			sourceTree = "<group>";
		};
		8BBD17C02AB9DF5400BA8921 /* Beer */ = {
			isa = PBXGroup;
			children = (
			);
			path = Beer;
			sourceTree = "<group>";
		};
/* End PBXGroup section */

/* Begin PBXNativeTarget section */
		8BBD17942AB9296000BA8921 /* SeSACWeek10 */ = {
			isa = PBXNativeTarget;
			buildConfigurationList = 8BBD17A92AB9296100BA8921 /* Build configuration list for PBXNativeTarget "SeSACWeek10" */;
			buildPhases = (
				8BBD17912AB9296000BA8921 /* Sources */,
				8BBD17922AB9296000BA8921 /* Frameworks */,
				8BBD17932AB9296000BA8921 /* Resources */,
			);
			buildRules = (
			);
			dependencies = (
			);
			name = SeSACWeek10;
			packageProductDependencies = (
				8BBD17AD2AB9297400BA8921 /* Alamofire */,
				8BBD17B02AB9298400BA8921 /* SnapKit */,
				8BBD17B32AB9299300BA8921 /* Kingfisher */,
			);
			productName = SeSACWeek10;
			productReference = 8BBD17952AB9296000BA8921 /* SeSACWeek10.app */;
			productType = "com.apple.product-type.application";
		};
/* End PBXNativeTarget section */

/* Begin PBXProject section */
		8BBD178D2AB9296000BA8921 /* Project object */ = {
			isa = PBXProject;
			attributes = {
				BuildIndependentTargetsInParallel = 1;
				LastSwiftUpdateCheck = 1430;
				LastUpgradeCheck = 1430;
				TargetAttributes = {
					8BBD17942AB9296000BA8921 = {
						CreatedOnToolsVersion = 14.3.1;
					};
				};
			};
			buildConfigurationList = 8BBD17902AB9296000BA8921 /* Build configuration list for PBXProject "SeSACWeek10" */;
			compatibilityVersion = "Xcode 14.0";
			developmentRegion = en;
			hasScannedForEncodings = 0;
			knownRegions = (
				en,
				Base,
			);
			mainGroup = 8BBD178C2AB9296000BA8921;
			packageReferences = (
				8BBD17AC2AB9297400BA8921 /* XCRemoteSwiftPackageReference "Alamofire" */,
				8BBD17AF2AB9298400BA8921 /* XCRemoteSwiftPackageReference "SnapKit" */,
				8BBD17B22AB9299300BA8921 /* XCRemoteSwiftPackageReference "Kingfisher" */,
			);
			productRefGroup = 8BBD17962AB9296000BA8921 /* Products */;
			projectDirPath = "";
			projectRoot = "";
			targets = (
				8BBD17942AB9296000BA8921 /* SeSACWeek10 */,
			);
		};
/* End PBXProject section */

/* Begin PBXResourcesBuildPhase section */
		8BBD17932AB9296000BA8921 /* Resources */ = {
			isa = PBXResourcesBuildPhase;
			buildActionMask = 2147483647;
			files = (
				8BBD17B62AB92C5100BA8921 /* .gitignore in Resources */,
				8BBD17A52AB9296100BA8921 /* LaunchScreen.storyboard in Resources */,
				8BBD17A22AB9296100BA8921 /* Assets.xcassets in Resources */,
				8BBD17A02AB9296000BA8921 /* Main.storyboard in Resources */,
			);
			runOnlyForDeploymentPostprocessing = 0;
		};
/* End PBXResourcesBuildPhase section */

/* Begin PBXSourcesBuildPhase section */
		8BBD17912AB9296000BA8921 /* Sources */ = {
			isa = PBXSourcesBuildPhase;
			buildActionMask = 2147483647;
			files = (
				8BBD179D2AB9296000BA8921 /* ViewController.swift in Sources */,
				8BBD17992AB9296000BA8921 /* AppDelegate.swift in Sources */,
				8BBD17B82AB92C6B00BA8921 /* APIKey.swift in Sources */,
				8BBD179B2AB9296000BA8921 /* SceneDelegate.swift in Sources */,
				8BBD17BD2AB964A100BA8921 /* SeSACAPI.swift in Sources */,
				8BBD17BF2AB9744D00BA8921 /* Network.swift in Sources */,
				8BBD17BB2AB93CD000BA8921 /* NetworkBasic.swift in Sources */,
			);
			runOnlyForDeploymentPostprocessing = 0;
		};
/* End PBXSourcesBuildPhase section */

/* Begin PBXVariantGroup section */
		8BBD179E2AB9296000BA8921 /* Main.storyboard */ = {
			isa = PBXVariantGroup;
			children = (
				8BBD179F2AB9296000BA8921 /* Base */,
			);
			name = Main.storyboard;
			sourceTree = "<group>";
		};
		8BBD17A32AB9296100BA8921 /* LaunchScreen.storyboard */ = {
			isa = PBXVariantGroup;
			children = (
				8BBD17A42AB9296100BA8921 /* Base */,
			);
			name = LaunchScreen.storyboard;
			sourceTree = "<group>";
		};
/* End PBXVariantGroup section */

/* Begin XCBuildConfiguration section */
		8BBD17A72AB9296100BA8921 /* Debug */ = {
			isa = XCBuildConfiguration;
			buildSettings = {
				ALWAYS_SEARCH_USER_PATHS = NO;
				CLANG_ANALYZER_NONNULL = YES;
				CLANG_ANALYZER_NUMBER_OBJECT_CONVERSION = YES_AGGRESSIVE;
				CLANG_CXX_LANGUAGE_STANDARD = "gnu++20";
				CLANG_ENABLE_MODULES = YES;
				CLANG_ENABLE_OBJC_ARC = YES;
				CLANG_ENABLE_OBJC_WEAK = YES;
				CLANG_WARN_BLOCK_CAPTURE_AUTORELEASING = YES;
				CLANG_WARN_BOOL_CONVERSION = YES;
				CLANG_WARN_COMMA = YES;
				CLANG_WARN_CONSTANT_CONVERSION = YES;
				CLANG_WARN_DEPRECATED_OBJC_IMPLEMENTATIONS = YES;
				CLANG_WARN_DIRECT_OBJC_ISA_USAGE = YES_ERROR;
				CLANG_WARN_DOCUMENTATION_COMMENTS = YES;
				CLANG_WARN_EMPTY_BODY = YES;
				CLANG_WARN_ENUM_CONVERSION = YES;
				CLANG_WARN_INFINITE_RECURSION = YES;
				CLANG_WARN_INT_CONVERSION = YES;
				CLANG_WARN_NON_LITERAL_NULL_CONVERSION = YES;
				CLANG_WARN_OBJC_IMPLICIT_RETAIN_SELF = YES;
				CLANG_WARN_OBJC_LITERAL_CONVERSION = YES;
				CLANG_WARN_OBJC_ROOT_CLASS = YES_ERROR;
				CLANG_WARN_QUOTED_INCLUDE_IN_FRAMEWORK_HEADER = YES;
				CLANG_WARN_RANGE_LOOP_ANALYSIS = YES;
				CLANG_WARN_STRICT_PROTOTYPES = YES;
				CLANG_WARN_SUSPICIOUS_MOVE = YES;
				CLANG_WARN_UNGUARDED_AVAILABILITY = YES_AGGRESSIVE;
				CLANG_WARN_UNREACHABLE_CODE = YES;
				CLANG_WARN__DUPLICATE_METHOD_MATCH = YES;
				COPY_PHASE_STRIP = NO;
				DEBUG_INFORMATION_FORMAT = dwarf;
				ENABLE_STRICT_OBJC_MSGSEND = YES;
				ENABLE_TESTABILITY = YES;
				GCC_C_LANGUAGE_STANDARD = gnu11;
				GCC_DYNAMIC_NO_PIC = NO;
				GCC_NO_COMMON_BLOCKS = YES;
				GCC_OPTIMIZATION_LEVEL = 0;
				GCC_PREPROCESSOR_DEFINITIONS = (
					"DEBUG=1",
					"$(inherited)",
				);
				GCC_WARN_64_TO_32_BIT_CONVERSION = YES;
				GCC_WARN_ABOUT_RETURN_TYPE = YES_ERROR;
				GCC_WARN_UNDECLARED_SELECTOR = YES;
				GCC_WARN_UNINITIALIZED_AUTOS = YES_AGGRESSIVE;
				GCC_WARN_UNUSED_FUNCTION = YES;
				GCC_WARN_UNUSED_VARIABLE = YES;
				IPHONEOS_DEPLOYMENT_TARGET = 16.4;
				MTL_ENABLE_DEBUG_INFO = INCLUDE_SOURCE;
				MTL_FAST_MATH = YES;
				ONLY_ACTIVE_ARCH = YES;
				SDKROOT = iphoneos;
				SWIFT_ACTIVE_COMPILATION_CONDITIONS = DEBUG;
				SWIFT_OPTIMIZATION_LEVEL = "-Onone";
			};
			name = Debug;
		};
		8BBD17A82AB9296100BA8921 /* Release */ = {
			isa = XCBuildConfiguration;
			buildSettings = {
				ALWAYS_SEARCH_USER_PATHS = NO;
				CLANG_ANALYZER_NONNULL = YES;
				CLANG_ANALYZER_NUMBER_OBJECT_CONVERSION = YES_AGGRESSIVE;
				CLANG_CXX_LANGUAGE_STANDARD = "gnu++20";
				CLANG_ENABLE_MODULES = YES;
				CLANG_ENABLE_OBJC_ARC = YES;
				CLANG_ENABLE_OBJC_WEAK = YES;
				CLANG_WARN_BLOCK_CAPTURE_AUTORELEASING = YES;
				CLANG_WARN_BOOL_CONVERSION = YES;
				CLANG_WARN_COMMA = YES;
				CLANG_WARN_CONSTANT_CONVERSION = YES;
				CLANG_WARN_DEPRECATED_OBJC_IMPLEMENTATIONS = YES;
				CLANG_WARN_DIRECT_OBJC_ISA_USAGE = YES_ERROR;
				CLANG_WARN_DOCUMENTATION_COMMENTS = YES;
				CLANG_WARN_EMPTY_BODY = YES;
				CLANG_WARN_ENUM_CONVERSION = YES;
				CLANG_WARN_INFINITE_RECURSION = YES;
				CLANG_WARN_INT_CONVERSION = YES;
				CLANG_WARN_NON_LITERAL_NULL_CONVERSION = YES;
				CLANG_WARN_OBJC_IMPLICIT_RETAIN_SELF = YES;
				CLANG_WARN_OBJC_LITERAL_CONVERSION = YES;
				CLANG_WARN_OBJC_ROOT_CLASS = YES_ERROR;
				CLANG_WARN_QUOTED_INCLUDE_IN_FRAMEWORK_HEADER = YES;
				CLANG_WARN_RANGE_LOOP_ANALYSIS = YES;
				CLANG_WARN_STRICT_PROTOTYPES = YES;
				CLANG_WARN_SUSPICIOUS_MOVE = YES;
				CLANG_WARN_UNGUARDED_AVAILABILITY = YES_AGGRESSIVE;
				CLANG_WARN_UNREACHABLE_CODE = YES;
				CLANG_WARN__DUPLICATE_METHOD_MATCH = YES;
				COPY_PHASE_STRIP = NO;
				DEBUG_INFORMATION_FORMAT = "dwarf-with-dsym";
				ENABLE_NS_ASSERTIONS = NO;
				ENABLE_STRICT_OBJC_MSGSEND = YES;
				GCC_C_LANGUAGE_STANDARD = gnu11;
				GCC_NO_COMMON_BLOCKS = YES;
				GCC_WARN_64_TO_32_BIT_CONVERSION = YES;
				GCC_WARN_ABOUT_RETURN_TYPE = YES_ERROR;
				GCC_WARN_UNDECLARED_SELECTOR = YES;
				GCC_WARN_UNINITIALIZED_AUTOS = YES_AGGRESSIVE;
				GCC_WARN_UNUSED_FUNCTION = YES;
				GCC_WARN_UNUSED_VARIABLE = YES;
				IPHONEOS_DEPLOYMENT_TARGET = 16.4;
				MTL_ENABLE_DEBUG_INFO = NO;
				MTL_FAST_MATH = YES;
				SDKROOT = iphoneos;
				SWIFT_COMPILATION_MODE = wholemodule;
				SWIFT_OPTIMIZATION_LEVEL = "-O";
				VALIDATE_PRODUCT = YES;
			};
			name = Release;
		};
		8BBD17AA2AB9296100BA8921 /* Debug */ = {
			isa = XCBuildConfiguration;
			buildSettings = {
				ASSETCATALOG_COMPILER_APPICON_NAME = AppIcon;
				ASSETCATALOG_COMPILER_GLOBAL_ACCENT_COLOR_NAME = AccentColor;
				CODE_SIGN_STYLE = Automatic;
				CURRENT_PROJECT_VERSION = 1;
				GENERATE_INFOPLIST_FILE = YES;
				INFOPLIST_FILE = SeSACWeek10/Info.plist;
				INFOPLIST_KEY_UIApplicationSupportsIndirectInputEvents = YES;
				INFOPLIST_KEY_UILaunchStoryboardName = LaunchScreen;
				INFOPLIST_KEY_UIMainStoryboardFile = Main;
				INFOPLIST_KEY_UISupportedInterfaceOrientations_iPad = "UIInterfaceOrientationPortrait UIInterfaceOrientationPortraitUpsideDown UIInterfaceOrientationLandscapeLeft UIInterfaceOrientationLandscapeRight";
				INFOPLIST_KEY_UISupportedInterfaceOrientations_iPhone = "UIInterfaceOrientationPortrait UIInterfaceOrientationLandscapeLeft UIInterfaceOrientationLandscapeRight";
				LD_RUNPATH_SEARCH_PATHS = (
					"$(inherited)",
					"@executable_path/Frameworks",
				);
				MARKETING_VERSION = 1.0;
				PRODUCT_BUNDLE_IDENTIFIER = com.SoomanHong.SeSACWeek10;
				PRODUCT_NAME = "$(TARGET_NAME)";
				SWIFT_EMIT_LOC_STRINGS = YES;
				SWIFT_VERSION = 5.0;
				TARGETED_DEVICE_FAMILY = "1,2";
			};
			name = Debug;
		};
		8BBD17AB2AB9296100BA8921 /* Release */ = {
			isa = XCBuildConfiguration;
			buildSettings = {
				ASSETCATALOG_COMPILER_APPICON_NAME = AppIcon;
				ASSETCATALOG_COMPILER_GLOBAL_ACCENT_COLOR_NAME = AccentColor;
				CODE_SIGN_STYLE = Automatic;
				CURRENT_PROJECT_VERSION = 1;
				GENERATE_INFOPLIST_FILE = YES;
				INFOPLIST_FILE = SeSACWeek10/Info.plist;
				INFOPLIST_KEY_UIApplicationSupportsIndirectInputEvents = YES;
				INFOPLIST_KEY_UILaunchStoryboardName = LaunchScreen;
				INFOPLIST_KEY_UIMainStoryboardFile = Main;
				INFOPLIST_KEY_UISupportedInterfaceOrientations_iPad = "UIInterfaceOrientationPortrait UIInterfaceOrientationPortraitUpsideDown UIInterfaceOrientationLandscapeLeft UIInterfaceOrientationLandscapeRight";
				INFOPLIST_KEY_UISupportedInterfaceOrientations_iPhone = "UIInterfaceOrientationPortrait UIInterfaceOrientationLandscapeLeft UIInterfaceOrientationLandscapeRight";
				LD_RUNPATH_SEARCH_PATHS = (
					"$(inherited)",
					"@executable_path/Frameworks",
				);
				MARKETING_VERSION = 1.0;
				PRODUCT_BUNDLE_IDENTIFIER = com.SoomanHong.SeSACWeek10;
				PRODUCT_NAME = "$(TARGET_NAME)";
				SWIFT_EMIT_LOC_STRINGS = YES;
				SWIFT_VERSION = 5.0;
				TARGETED_DEVICE_FAMILY = "1,2";
			};
			name = Release;
		};
/* End XCBuildConfiguration section */

/* Begin XCConfigurationList section */
		8BBD17902AB9296000BA8921 /* Build configuration list for PBXProject "SeSACWeek10" */ = {
			isa = XCConfigurationList;
			buildConfigurations = (
				8BBD17A72AB9296100BA8921 /* Debug */,
				8BBD17A82AB9296100BA8921 /* Release */,
			);
			defaultConfigurationIsVisible = 0;
			defaultConfigurationName = Release;
		};
		8BBD17A92AB9296100BA8921 /* Build configuration list for PBXNativeTarget "SeSACWeek10" */ = {
			isa = XCConfigurationList;
			buildConfigurations = (
				8BBD17AA2AB9296100BA8921 /* Debug */,
				8BBD17AB2AB9296100BA8921 /* Release */,
			);
			defaultConfigurationIsVisible = 0;
			defaultConfigurationName = Release;
		};
/* End XCConfigurationList section */

/* Begin XCRemoteSwiftPackageReference section */
		8BBD17AC2AB9297400BA8921 /* XCRemoteSwiftPackageReference "Alamofire" */ = {
			isa = XCRemoteSwiftPackageReference;
			repositoryURL = "https://github.com/Alamofire/Alamofire";
			requirement = {
				kind = upToNextMajorVersion;
				minimumVersion = 5.0.0;
			};
		};
		8BBD17AF2AB9298400BA8921 /* XCRemoteSwiftPackageReference "SnapKit" */ = {
			isa = XCRemoteSwiftPackageReference;
			repositoryURL = "https://github.com/SnapKit/SnapKit.git";
			requirement = {
				kind = upToNextMajorVersion;
				minimumVersion = 5.0.0;
			};
		};
		8BBD17B22AB9299300BA8921 /* XCRemoteSwiftPackageReference "Kingfisher" */ = {
			isa = XCRemoteSwiftPackageReference;
			repositoryURL = "https://github.com/onevcat/Kingfisher.git";
			requirement = {
				kind = upToNextMajorVersion;
				minimumVersion = 7.0.0;
			};
		};
/* End XCRemoteSwiftPackageReference section */

/* Begin XCSwiftPackageProductDependency section */
		8BBD17AD2AB9297400BA8921 /* Alamofire */ = {
			isa = XCSwiftPackageProductDependency;
			package = 8BBD17AC2AB9297400BA8921 /* XCRemoteSwiftPackageReference "Alamofire" */;
			productName = Alamofire;
		};
		8BBD17B02AB9298400BA8921 /* SnapKit */ = {
			isa = XCSwiftPackageProductDependency;
			package = 8BBD17AF2AB9298400BA8921 /* XCRemoteSwiftPackageReference "SnapKit" */;
			productName = SnapKit;
		};
		8BBD17B32AB9299300BA8921 /* Kingfisher */ = {
			isa = XCSwiftPackageProductDependency;
			package = 8BBD17B22AB9299300BA8921 /* XCRemoteSwiftPackageReference "Kingfisher" */;
			productName = Kingfisher;
		};
/* End XCSwiftPackageProductDependency section */
	};
	rootObject = 8BBD178D2AB9296000BA8921 /* Project object */;
}
